
Microsoft Visual Studio Solution File, Format Version 12.00
# Visual Studio Version 16
VisualStudioVersion = 16.0.31424.327
MinimumVisualStudioVersion = 10.0.40219.1
Project("{9A19103F-16F7-4668-BE54-9A1E7A4F7556}") = "APITestingWithRestSharp", "APITestingWithRestSharp\APITestingWithRestSharp.csproj", "{FD55847B-2372-4FB7-B979-9AA04CD44922}"
EndProject
Project("{9A19103F-16F7-4668-BE54-9A1E7A4F7556}") = "APIMockingWithWireMock", "APIMockingWithWireMock\APIMockingWithWireMock.csproj", "{B264960C-2EB8-427D-904E-40884F846F4E}"
EndProject
Project("{FAE04EC0-301F-11D3-BF4B-00C04F79EFBC}") = "ContractTestingConsumer", "ContractTestingConsumer\ContractTestingConsumer.csproj", "{45DBEEA4-B055-412A-B23E-F784B2CE9F91}"
EndProject
Project("{FAE04EC0-301F-11D3-BF4B-00C04F79EFBC}") = "ContractTestingConsumer.Tests", "ContractTestingConsumer.Tests\ContractTestingConsumer.Tests.csproj", "{CA49D34E-A500-4461-96C3-5D6415E02C65}"
EndProject
Global
	GlobalSection(SolutionConfigurationPlatforms) = preSolution
		Debug|Any CPU = Debug|Any CPU
		Release|Any CPU = Release|Any CPU
	EndGlobalSection
	GlobalSection(ProjectConfigurationPlatforms) = postSolution
		{FD55847B-2372-4FB7-B979-9AA04CD44922}.Debug|Any CPU.ActiveCfg = Debug|Any CPU
		{FD55847B-2372-4FB7-B979-9AA04CD44922}.Debug|Any CPU.Build.0 = Debug|Any CPU
		{FD55847B-2372-4FB7-B979-9AA04CD44922}.Release|Any CPU.ActiveCfg = Release|Any CPU
		{FD55847B-2372-4FB7-B979-9AA04CD44922}.Release|Any CPU.Build.0 = Release|Any CPU
		{B264960C-2EB8-427D-904E-40884F846F4E}.Debug|Any CPU.ActiveCfg = Debug|Any CPU
		{B264960C-2EB8-427D-904E-40884F846F4E}.Debug|Any CPU.Build.0 = Debug|Any CPU
		{B264960C-2EB8-427D-904E-40884F846F4E}.Release|Any CPU.ActiveCfg = Release|Any CPU
		{B264960C-2EB8-427D-904E-40884F846F4E}.Release|Any CPU.Build.0 = Release|Any CPU
		{45DBEEA4-B055-412A-B23E-F784B2CE9F91}.Debug|Any CPU.ActiveCfg = Debug|Any CPU
		{45DBEEA4-B055-412A-B23E-F784B2CE9F91}.Debug|Any CPU.Build.0 = Debug|Any CPU
		{45DBEEA4-B055-412A-B23E-F784B2CE9F91}.Release|Any CPU.ActiveCfg = Release|Any CPU
		{45DBEEA4-B055-412A-B23E-F784B2CE9F91}.Release|Any CPU.Build.0 = Release|Any CPU
		{CA49D34E-A500-4461-96C3-5D6415E02C65}.Debug|Any CPU.ActiveCfg = Debug|Any CPU
		{CA49D34E-A500-4461-96C3-5D6415E02C65}.Debug|Any CPU.Build.0 = Debug|Any CPU
		{CA49D34E-A500-4461-96C3-5D6415E02C65}.Release|Any CPU.ActiveCfg = Release|Any CPU
		{CA49D34E-A500-4461-96C3-5D6415E02C65}.Release|Any CPU.Build.0 = Release|Any CPU
	EndGlobalSection
	GlobalSection(SolutionProperties) = preSolution
		HideSolutionNode = FALSE
	EndGlobalSection
	GlobalSection(ExtensibilityGlobals) = postSolution
		SolutionGuid = {4A744570-F8FA-4AAD-994E-9D30261B9516}
	EndGlobalSection
EndGlobal
